
Microsoft Visual Studio Solution File, Format Version 12.00
# Visual Studio 15
Project("{FAE04EC0-301F-11D3-BF4B-00C04F79EFBC}") = "Assembly-CSharp", "Assembly-CSharp.csproj", "{FBF3E3C6-5B94-20A5-D9B1-240B819EE04F}"
EndProject
Project("{FAE04EC0-301F-11D3-BF4B-00C04F79EFBC}") = "Assembly-CSharp-Editor-firstpass", "Assembly-CSharp-Editor-firstpass.csproj", "{09195DEE-77F9-F6FC-3E4B-49A8F970B36D}"
EndProject
Global
	GlobalSection(SolutionConfigurationPlatforms) = preSolution
		Debug|Any CPU = Debug|Any CPU
		Release|Any CPU = Release|Any CPU
	EndGlobalSection
	GlobalSection(ProjectConfigurationPlatforms) = postSolution
		{FBF3E3C6-5B94-20A5-D9B1-240B819EE04F}.Debug|Any CPU.ActiveCfg = Debug|Any CPU
		{FBF3E3C6-5B94-20A5-D9B1-240B819EE04F}.Debug|Any CPU.Build.0 = Debug|Any CPU
		{FBF3E3C6-5B94-20A5-D9B1-240B819EE04F}.Release|Any CPU.ActiveCfg = Release|Any CPU
		{FBF3E3C6-5B94-20A5-D9B1-240B819EE04F}.Release|Any CPU.Build.0 = Release|Any CPU
		{09195DEE-77F9-F6FC-3E4B-49A8F970B36D}.Debug|Any CPU.ActiveCfg = Debug|Any CPU
		{09195DEE-77F9-F6FC-3E4B-49A8F970B36D}.Debug|Any CPU.Build.0 = Debug|Any CPU
		{09195DEE-77F9-F6FC-3E4B-49A8F970B36D}.Release|Any CPU.ActiveCfg = Release|Any CPU
		{09195DEE-77F9-F6FC-3E4B-49A8F970B36D}.Release|Any CPU.Build.0 = Release|Any CPU
	EndGlobalSection
	GlobalSection(SolutionProperties) = preSolution
		HideSolutionNode = FALSE
	EndGlobalSection
EndGlobal
